<?xml version="1.0" encoding="utf-8"?>
<Project ToolsVersion="4.0" xmlns="http://schemas.microsoft.com/developer/msbuild/2003">
  <ItemGroup>
    <Filter Include="Source Files">
      <UniqueIdentifier>{50815aa0-58f3-456e-b7cd-bc039ff0b766}</UniqueIdentifier>
      <Extensions>cpp;c;cxx;rc;def;r;odl;idl;hpj;bat</Extensions>
    </Filter>
    <Filter Include="Header Files">
      <UniqueIdentifier>{38d73d94-6643-4d82-835a-164b7047c1a8}</UniqueIdentifier>
      <Extensions>h;hpp;hxx;hm;inl</Extensions>
    </Filter>
    <Filter Include="Resource Files">
      <UniqueIdentifier>{8e240250-470a-4cab-8172-80fdb4b00590}</UniqueIdentifier>
      <Extensions>ico;cur;bmp;dlg;rc2;rct;bin;rgs;gif;jpg;jpeg;jpe</Extensions>
    </Filter>
  </ItemGroup>
  <ItemGroup>
    <ClCompile Include="BoardSettings.cpp">
      <Filter>Source Files</Filter>
    </ClCompile>
    <ClCompile Include="CalibrationAmp.cpp">
      <Filter>Source Files</Filter>
    </ClCompile>
    <ClCompile Include="CalibrationFactor.cpp">
      <Filter>Source Files</Filter>
    </ClCompile>
    <ClCompile Include="Control_Consolidation.cpp">
      <Filter>Source Files</Filter>
    </ClCompile>
    <ClCompile Include="Control_File.cpp">
      <Filter>Source Files</Filter>
    </ClCompile>
    <ClCompile Include="Control_General.cpp">
      <Filter>Source Files</Filter>
    </ClCompile>
    <ClCompile Include="Control_ID.cpp">
      <Filter>Source Files</Filter>
    </ClCompile>
    <ClCompile Include="Control_PreConsolidation.cpp">
      <Filter>Source Files</Filter>
    </ClCompile>
    <ClCompile Include="DA_Channel.cpp">
      <Filter>Source Files</Filter>
    </ClCompile>
    <ClCompile Include="DA_Vout.cpp">
      <Filter>Source Files</Filter>
    </ClCompile>
    <ClCompile Include="DigitShowBasic.cpp">
      <Filter>Source Files</Filter>
    </ClCompile>
    <ClCompile Include="DigitShowBasicDoc.cpp">
      <Filter>Source Files</Filter>
    </ClCompile>
    <ClCompile Include="DigitShowBasicView.cpp">
      <Filter>Source Files</Filter>
    </ClCompile>
    <ClCompile Include="DigitShowContext.cpp">
      <Filter>Source Files</Filter>
    </ClCompile>
    <ClCompile Include="MainFrm.cpp">
      <Filter>Source Files</Filter>
    </ClCompile>
    <ClCompile Include="SamplingSettings.cpp">
      <Filter>Source Files</Filter>
    </ClCompile>
    <ClCompile Include="Specimen.cpp">
      <Filter>Source Files</Filter>
    </ClCompile>
    <ClCompile Include="StdAfx.cpp">
      <Filter>Source Files</Filter>
    </ClCompile>
  </ItemGroup>
  <ItemGroup>
    <ResourceCompile Include="DigitShowBasic.rc">
      <Filter>Source Files</Filter>
    </ResourceCompile>
  </ItemGroup>
  <ItemGroup>
    <ClInclude Include="BoardSettings.h">
      <Filter>Header Files</Filter>
    </ClInclude>
    <ClInclude Include="CalibrationAmp.h">
      <Filter>Header Files</Filter>
    </ClInclude>
    <ClInclude Include="CalibrationFactor.h">
      <Filter>Header Files</Filter>
    </ClInclude>
    <ClInclude Include="Control_Consolidation.h">
      <Filter>Header Files</Filter>
    </ClInclude>
    <ClInclude Include="Control_File.h">
      <Filter>Header Files</Filter>
    </ClInclude>
    <ClInclude Include="Control_General.h">
      <Filter>Header Files</Filter>
    </ClInclude>
    <ClInclude Include="Control_ID.h">
      <Filter>Header Files</Filter>
    </ClInclude>
    <ClInclude Include="Control_PreConsolidation.h">
      <Filter>Header Files</Filter>
    </ClInclude>
    <ClInclude Include="DA_Channel.h">
      <Filter>Header Files</Filter>
    </ClInclude>
    <ClInclude Include="DA_Vout.h">
      <Filter>Header Files</Filter>
    </ClInclude>
    <ClInclude Include="DataConvert.h">
      <Filter>Header Files</Filter>
    </ClInclude>
    <ClInclude Include="DigitShowBasic.h">
      <Filter>Header Files</Filter>
    </ClInclude>
    <ClInclude Include="DigitShowContext.h">
      <Filter>Header Files</Filter>
    </ClInclude>
    <ClInclude Include="DigitShowBasicDoc.h">
      <Filter>Header Files</Filter>
    </ClInclude>
    <ClInclude Include="DigitShowBasicView.h">
      <Filter>Header Files</Filter>
    </ClInclude>
    <ClInclude Include="MainFrm.h">
      <Filter>Header Files</Filter>
    </ClInclude>
    <ClInclude Include="Resource.h">
      <Filter>Header Files</Filter>
    </ClInclude>
    <ClInclude Include="SamplingSettings.h">
      <Filter>Header Files</Filter>
    </ClInclude>
    <ClInclude Include="Specimen.h">
      <Filter>Header Files</Filter>
    </ClInclude>
    <ClInclude Include="StdAfx.h">
      <Filter>Header Files</Filter>
    </ClInclude>
  </ItemGroup>
  <ItemGroup>
    <Image Include="res\DigitShowBasic.ico">
      <Filter>Resource Files</Filter>
    </Image>
    <Image Include="res\DigitShowBasicDoc.ico">
      <Filter>Resource Files</Filter>
    </Image>
  </ItemGroup>
  <ItemGroup>
    <Text Include="ReadMe.txt" />
  </ItemGroup>
  <ItemGroup>
    <Library Include="Caio.lib" />
  </ItemGroup>
  <ItemGroup>
    <CustomBuild Include="res\DigitShowBasic.rc2">
      <Filter>Resource Files</Filter>
    </CustomBuild>
  </ItemGroup>
</Project>